// !$*UTF8*$!
{
	archiveVersion = 1;
	classes = {
	};
	objectVersion = 55;
	objects = {

/* Begin PBXBuildFile section */
		436BFC86273EA0000096D2D1 /* AppDelegate.m in Sources */ = {isa = PBXBuildFile; fileRef = 436BFC85273EA0000096D2D1 /* AppDelegate.m */; };
		436BFC89273EA0000096D2D1 /* SceneDelegate.m in Sources */ = {isa = PBXBuildFile; fileRef = 436BFC88273EA0000096D2D1 /* SceneDelegate.m */; };
		436BFC8C273EA0000096D2D1 /* ViewController.m in Sources */ = {isa = PBXBuildFile; fileRef = 436BFC8B273EA0000096D2D1 /* ViewController.m */; };
		436BFC8F273EA0000096D2D1 /* Main.storyboard in Resources */ = {isa = PBXBuildFile; fileRef = 436BFC8D273EA0000096D2D1 /* Main.storyboard */; };
		436BFC91273EA0010096D2D1 /* Assets.xcassets in Resources */ = {isa = PBXBuildFile; fileRef = 436BFC90273EA0010096D2D1 /* Assets.xcassets */; };
		436BFC94273EA0010096D2D1 /* LaunchScreen.storyboard in Resources */ = {isa = PBXBuildFile; fileRef = 436BFC92273EA0010096D2D1 /* LaunchScreen.storyboard */; };
		436BFC97273EA0010096D2D1 /* main.m in Sources */ = {isa = PBXBuildFile; fileRef = 436BFC96273EA0010096D2D1 /* main.m */; };
		436BFC9F273EA0290096D2D1 /* WYCat.m in Sources */ = {isa = PBXBuildFile; fileRef = 436BFC9E273EA0290096D2D1 /* WYCat.m */; };
		436BFCA2273EA03C0096D2D1 /* WYDog.m in Sources */ = {isa = PBXBuildFile; fileRef = 436BFCA1273EA03C0096D2D1 /* WYDog.m */; };
/* End PBXBuildFile section */

/* Begin PBXFileReference section */
		436BFC81273EA0000096D2D1 /* 代理学习.app */ = {isa = PBXFileReference; explicitFileType = wrapper.application; includeInIndex = 0; path = "代理学习.app"; sourceTree = BUILT_PRODUCTS_DIR; };
		436BFC84273EA0000096D2D1 /* AppDelegate.h */ = {isa = PBXFileReference; lastKnownFileType = sourcecode.c.h; path = AppDelegate.h; sourceTree = "<group>"; };
		436BFC85273EA0000096D2D1 /* AppDelegate.m */ = {isa = PBXFileReference; lastKnownFileType = sourcecode.c.objc; path = AppDelegate.m; sourceTree = "<group>"; };
		436BFC87273EA0000096D2D1 /* SceneDelegate.h */ = {isa = PBXFileReference; lastKnownFileType = sourcecode.c.h; path = SceneDelegate.h; sourceTree = "<group>"; };
		436BFC88273EA0000096D2D1 /* SceneDelegate.m */ = {isa = PBXFileReference; lastKnownFileType = sourcecode.c.objc; path = SceneDelegate.m; sourceTree = "<group>"; };
		436BFC8A273EA0000096D2D1 /* ViewController.h */ = {isa = PBXFileReference; lastKnownFileType = sourcecode.c.h; path = ViewController.h; sourceTree = "<group>"; };
		436BFC8B273EA0000096D2D1 /* ViewController.m */ = {isa = PBXFileReference; lastKnownFileType = sourcecode.c.objc; path = ViewController.m; sourceTree = "<group>"; };
		436BFC8E273EA0000096D2D1 /* Base */ = {isa = PBXFileReference; lastKnownFileType = file.storyboard; name = Base; path = Base.lproj/Main.storyboard; sourceTree = "<group>"; };
		436BFC90273EA0010096D2D1 /* Assets.xcassets */ = {isa = PBXFileReference; lastKnownFileType = folder.assetcatalog; path = Assets.xcassets; sourceTree = "<group>"; };
		436BFC93273EA0010096D2D1 /* Base */ = {isa = PBXFileReference; lastKnownFileType = file.storyboard; name = Base; path = Base.lproj/LaunchScreen.storyboard; sourceTree = "<group>"; };
		436BFC95273EA0010096D2D1 /* Info.plist */ = {isa = PBXFileReference; lastKnownFileType = text.plist.xml; path = Info.plist; sourceTree = "<group>"; };
		436BFC96273EA0010096D2D1 /* main.m */ = {isa = PBXFileReference; lastKnownFileType = sourcecode.c.objc; path = main.m; sourceTree = "<group>"; };
		436BFC9D273EA0290096D2D1 /* WYCat.h */ = {isa = PBXFileReference; lastKnownFileType = sourcecode.c.h; path = WYCat.h; sourceTree = "<group>"; };
		436BFC9E273EA0290096D2D1 /* WYCat.m */ = {isa = PBXFileReference; lastKnownFileType = sourcecode.c.objc; path = WYCat.m; sourceTree = "<group>"; };
		436BFCA0273EA03C0096D2D1 /* WYDog.h */ = {isa = PBXFileReference; lastKnownFileType = sourcecode.c.h; path = WYDog.h; sourceTree = "<group>"; };
		436BFCA1273EA03C0096D2D1 /* WYDog.m */ = {isa = PBXFileReference; lastKnownFileType = sourcecode.c.objc; path = WYDog.m; sourceTree = "<group>"; };
		436BFCA4273EA0C50096D2D1 /* WYEatFood.h */ = {isa = PBXFileReference; lastKnownFileType = sourcecode.c.h; path = WYEatFood.h; sourceTree = "<group>"; };
/* End PBXFileReference section */

/* Begin PBXFrameworksBuildPhase section */
		436BFC7E273EA0000096D2D1 /* Frameworks */ = {
			isa = PBXFrameworksBuildPhase;
			buildActionMask = 2147483647;
			files = (
			);
			runOnlyForDeploymentPostprocessing = 0;
		};
/* End PBXFrameworksBuildPhase section */

/* Begin PBXGroup section */
		436BFC78273EA0000096D2D1 = {
			isa = PBXGroup;
			children = (
				436BFC83273EA0000096D2D1 /* 代理学习 */,
				436BFC82273EA0000096D2D1 /* Products */,
			);
			sourceTree = "<group>";
		};
		436BFC82273EA0000096D2D1 /* Products */ = {
			isa = PBXGroup;
			children = (
				436BFC81273EA0000096D2D1 /* 代理学习.app */,
			);
			name = Products;
			sourceTree = "<group>";
		};
		436BFC83273EA0000096D2D1 /* 代理学习 */ = {
			isa = PBXGroup;
			children = (
				436BFC84273EA0000096D2D1 /* AppDelegate.h */,
				436BFC85273EA0000096D2D1 /* AppDelegate.m */,
				436BFC87273EA0000096D2D1 /* SceneDelegate.h */,
				436BFC88273EA0000096D2D1 /* SceneDelegate.m */,
				436BFC8A273EA0000096D2D1 /* ViewController.h */,
				436BFC8B273EA0000096D2D1 /* ViewController.m */,
				436BFC9D273EA0290096D2D1 /* WYCat.h */,
				436BFC9E273EA0290096D2D1 /* WYCat.m */,
				436BFCA0273EA03C0096D2D1 /* WYDog.h */,
				436BFCA1273EA03C0096D2D1 /* WYDog.m */,
				436BFCA4273EA0C50096D2D1 /* WYEatFood.h */,
				436BFC8D273EA0000096D2D1 /* Main.storyboard */,
				436BFC90273EA0010096D2D1 /* Assets.xcassets */,
				436BFC92273EA0010096D2D1 /* LaunchScreen.storyboard */,
				436BFC95273EA0010096D2D1 /* Info.plist */,
				436BFC96273EA0010096D2D1 /* main.m */,
			);
			path = "代理学习";
			sourceTree = "<group>";
		};
/* End PBXGroup section */

/* Begin PBXNativeTarget section */
		436BFC80273EA0000096D2D1 /* 代理学习 */ = {
			isa = PBXNativeTarget;
			buildConfigurationList = 436BFC9A273EA0010096D2D1 /* Build configuration list for PBXNativeTarget "代理学习" */;
			buildPhases = (
				436BFC7D273EA0000096D2D1 /* Sources */,
				436BFC7E273EA0000096D2D1 /* Frameworks */,
				436BFC7F273EA0000096D2D1 /* Resources */,
			);
			buildRules = (
			);
			dependencies = (
			);
			name = "代理学习";
			productName = "代理学习";
			productReference = 436BFC81273EA0000096D2D1 /* 代理学习.app */;
			productType = "com.apple.product-type.application";
		};
/* End PBXNativeTarget section */

/* Begin PBXProject section */
		436BFC79273EA0000096D2D1 /* Project object */ = {
			isa = PBXProject;
			attributes = {
				BuildIndependentTargetsInParallel = 1;
				LastUpgradeCheck = 1300;
				TargetAttributes = {
					436BFC80273EA0000096D2D1 = {
						CreatedOnToolsVersion = 13.0;
					};
				};
			};
			buildConfigurationList = 436BFC7C273EA0000096D2D1 /* Build configuration list for PBXProject "代理学习" */;
			compatibilityVersion = "Xcode 13.0";
			developmentRegion = en;
			hasScannedForEncodings = 0;
			knownRegions = (
				en,
				Base,
			);
			mainGroup = 436BFC78273EA0000096D2D1;
			productRefGroup = 436BFC82273EA0000096D2D1 /* Products */;
			projectDirPath = "";
			projectRoot = "";
			targets = (
				436BFC80273EA0000096D2D1 /* 代理学习 */,
			);
		};
/* End PBXProject section */

/* Begin PBXResourcesBuildPhase section */
		436BFC7F273EA0000096D2D1 /* Resources */ = {
			isa = PBXResourcesBuildPhase;
			buildActionMask = 2147483647;
			files = (
				436BFC94273EA0010096D2D1 /* LaunchScreen.storyboard in Resources */,
				436BFC91273EA0010096D2D1 /* Assets.xcassets in Resources */,
				436BFC8F273EA0000096D2D1 /* Main.storyboard in Resources */,
			);
			runOnlyForDeploymentPostprocessing = 0;
		};
/* End PBXResourcesBuildPhase section */

/* Begin PBXSourcesBuildPhase section */
		436BFC7D273EA0000096D2D1 /* Sources */ = {
			isa = PBXSourcesBuildPhase;
			buildActionMask = 2147483647;
			files = (
				436BFCA2273EA03C0096D2D1 /* WYDog.m in Sources */,
				436BFC8C273EA0000096D2D1 /* ViewController.m in Sources */,
				436BFC9F273EA0290096D2D1 /* WYCat.m in Sources */,
				436BFC86273EA0000096D2D1 /* AppDelegate.m in Sources */,
				436BFC97273EA0010096D2D1 /* main.m in Sources */,
				436BFC89273EA0000096D2D1 /* SceneDelegate.m in Sources */,
			);
			runOnlyForDeploymentPostprocessing = 0;
		};
/* End PBXSourcesBuildPhase section */

/* Begin PBXVariantGroup section */
		436BFC8D273EA0000096D2D1 /* Main.storyboard */ = {
			isa = PBXVariantGroup;
			children = (
				436BFC8E273EA0000096D2D1 /* Base */,
			);
			name = Main.storyboard;
			sourceTree = "<group>";
		};
		436BFC92273EA0010096D2D1 /* LaunchScreen.storyboard */ = {
			isa = PBXVariantGroup;
			children = (
				436BFC93273EA0010096D2D1 /* Base */,
			);
			name = LaunchScreen.storyboard;
			sourceTree = "<group>";
		};
/* End PBXVariantGroup section */

/* Begin XCBuildConfiguration section */
		436BFC98273EA0010096D2D1 /* Debug */ = {
			isa = XCBuildConfiguration;
			buildSettings = {
				ALWAYS_SEARCH_USER_PATHS = NO;
				CLANG_ANALYZER_NONNULL = YES;
				CLANG_ANALYZER_NUMBER_OBJECT_CONVERSION = YES_AGGRESSIVE;
				CLANG_CXX_LANGUAGE_STANDARD = "gnu++17";
				CLANG_CXX_LIBRARY = "libc++";
				CLANG_ENABLE_MODULES = YES;
				CLANG_ENABLE_OBJC_ARC = YES;
				CLANG_ENABLE_OBJC_WEAK = YES;
				CLANG_WARN_BLOCK_CAPTURE_AUTORELEASING = YES;
				CLANG_WARN_BOOL_CONVERSION = YES;
				CLANG_WARN_COMMA = YES;
				CLANG_WARN_CONSTANT_CONVERSION = YES;
				CLANG_WARN_DEPRECATED_OBJC_IMPLEMENTATIONS = YES;
				CLANG_WARN_DIRECT_OBJC_ISA_USAGE = YES_ERROR;
				CLANG_WARN_DOCUMENTATION_COMMENTS = YES;
				CLANG_WARN_EMPTY_BODY = YES;
				CLANG_WARN_ENUM_CONVERSION = YES;
				CLANG_WARN_INFINITE_RECURSION = YES;
				CLANG_WARN_INT_CONVERSION = YES;
				CLANG_WARN_NON_LITERAL_NULL_CONVERSION = YES;
				CLANG_WARN_OBJC_IMPLICIT_RETAIN_SELF = YES;
				CLANG_WARN_OBJC_LITERAL_CONVERSION = YES;
				CLANG_WARN_OBJC_ROOT_CLASS = YES_ERROR;
				CLANG_WARN_QUOTED_INCLUDE_IN_FRAMEWORK_HEADER = YES;
				CLANG_WARN_RANGE_LOOP_ANALYSIS = YES;
				CLANG_WARN_STRICT_PROTOTYPES = YES;
				CLANG_WARN_SUSPICIOUS_MOVE = YES;
				CLANG_WARN_UNGUARDED_AVAILABILITY = YES_AGGRESSIVE;
				CLANG_WARN_UNREACHABLE_CODE = YES;
				CLANG_WARN__DUPLICATE_METHOD_MATCH = YES;
				COPY_PHASE_STRIP = NO;
				DEBUG_INFORMATION_FORMAT = dwarf;
				ENABLE_STRICT_OBJC_MSGSEND = YES;
				ENABLE_TESTABILITY = YES;
				GCC_C_LANGUAGE_STANDARD = gnu11;
				GCC_DYNAMIC_NO_PIC = NO;
				GCC_NO_COMMON_BLOCKS = YES;
				GCC_OPTIMIZATION_LEVEL = 0;
				GCC_PREPROCESSOR_DEFINITIONS = (
					"DEBUG=1",
					"$(inherited)",
				);
				GCC_WARN_64_TO_32_BIT_CONVERSION = YES;
				GCC_WARN_ABOUT_RETURN_TYPE = YES_ERROR;
				GCC_WARN_UNDECLARED_SELECTOR = YES;
				GCC_WARN_UNINITIALIZED_AUTOS = YES_AGGRESSIVE;
				GCC_WARN_UNUSED_FUNCTION = YES;
				GCC_WARN_UNUSED_VARIABLE = YES;
				IPHONEOS_DEPLOYMENT_TARGET = 15.0;
				MTL_ENABLE_DEBUG_INFO = INCLUDE_SOURCE;
				MTL_FAST_MATH = YES;
				ONLY_ACTIVE_ARCH = YES;
				SDKROOT = iphoneos;
			};
			name = Debug;
		};
		436BFC99273EA0010096D2D1 /* Release */ = {
			isa = XCBuildConfiguration;
			buildSettings = {
				ALWAYS_SEARCH_USER_PATHS = NO;
				CLANG_ANALYZER_NONNULL = YES;
				CLANG_ANALYZER_NUMBER_OBJECT_CONVERSION = YES_AGGRESSIVE;
				CLANG_CXX_LANGUAGE_STANDARD = "gnu++17";
				CLANG_CXX_LIBRARY = "libc++";
				CLANG_ENABLE_MODULES = YES;
				CLANG_ENABLE_OBJC_ARC = YES;
				CLANG_ENABLE_OBJC_WEAK = YES;
				CLANG_WARN_BLOCK_CAPTURE_AUTORELEASING = YES;
				CLANG_WARN_BOOL_CONVERSION = YES;
				CLANG_WARN_COMMA = YES;
				CLANG_WARN_CONSTANT_CONVERSION = YES;
				CLANG_WARN_DEPRECATED_OBJC_IMPLEMENTATIONS = YES;
				CLANG_WARN_DIRECT_OBJC_ISA_USAGE = YES_ERROR;
				CLANG_WARN_DOCUMENTATION_COMMENTS = YES;
				CLANG_WARN_EMPTY_BODY = YES;
				CLANG_WARN_ENUM_CONVERSION = YES;
				CLANG_WARN_INFINITE_RECURSION = YES;
				CLANG_WARN_INT_CONVERSION = YES;
				CLANG_WARN_NON_LITERAL_NULL_CONVERSION = YES;
				CLANG_WARN_OBJC_IMPLICIT_RETAIN_SELF = YES;
				CLANG_WARN_OBJC_LITERAL_CONVERSION = YES;
				CLANG_WARN_OBJC_ROOT_CLASS = YES_ERROR;
				CLANG_WARN_QUOTED_INCLUDE_IN_FRAMEWORK_HEADER = YES;
				CLANG_WARN_RANGE_LOOP_ANALYSIS = YES;
				CLANG_WARN_STRICT_PROTOTYPES = YES;
				CLANG_WARN_SUSPICIOUS_MOVE = YES;
				CLANG_WARN_UNGUARDED_AVAILABILITY = YES_AGGRESSIVE;
				CLANG_WARN_UNREACHABLE_CODE = YES;
				CLANG_WARN__DUPLICATE_METHOD_MATCH = YES;
				COPY_PHASE_STRIP = NO;
				DEBUG_INFORMATION_FORMAT = "dwarf-with-dsym";
				ENABLE_NS_ASSERTIONS = NO;
				ENABLE_STRICT_OBJC_MSGSEND = YES;
				GCC_C_LANGUAGE_STANDARD = gnu11;
				GCC_NO_COMMON_BLOCKS = YES;
				GCC_WARN_64_TO_32_BIT_CONVERSION = YES;
				GCC_WARN_ABOUT_RETURN_TYPE = YES_ERROR;
				GCC_WARN_UNDECLARED_SELECTOR = YES;
				GCC_WARN_UNINITIALIZED_AUTOS = YES_AGGRESSIVE;
				GCC_WARN_UNUSED_FUNCTION = YES;
				GCC_WARN_UNUSED_VARIABLE = YES;
				IPHONEOS_DEPLOYMENT_TARGET = 15.0;
				MTL_ENABLE_DEBUG_INFO = NO;
				MTL_FAST_MATH = YES;
				SDKROOT = iphoneos;
				VALIDATE_PRODUCT = YES;
			};
			name = Release;
		};
		436BFC9B273EA0010096D2D1 /* Debug */ = {
			isa = XCBuildConfiguration;
			buildSettings = {
				ASSETCATALOG_COMPILER_APPICON_NAME = AppIcon;
				ASSETCATALOG_COMPILER_GLOBAL_ACCENT_COLOR_NAME = AccentColor;
				CODE_SIGN_STYLE = Automatic;
				CURRENT_PROJECT_VERSION = 1;
				GENERATE_INFOPLIST_FILE = YES;
				INFOPLIST_FILE = "代理学习/Info.plist";
				INFOPLIST_KEY_UIApplicationSupportsIndirectInputEvents = YES;
				INFOPLIST_KEY_UILaunchStoryboardName = LaunchScreen;
				INFOPLIST_KEY_UIMainStoryboardFile = Main;
				INFOPLIST_KEY_UISupportedInterfaceOrientations_iPad = "UIInterfaceOrientationPortrait UIInterfaceOrientationPortraitUpsideDown UIInterfaceOrientationLandscapeLeft UIInterfaceOrientationLandscapeRight";
				INFOPLIST_KEY_UISupportedInterfaceOrientations_iPhone = "UIInterfaceOrientationPortrait UIInterfaceOrientationLandscapeLeft UIInterfaceOrientationLandscapeRight";
				LD_RUNPATH_SEARCH_PATHS = (
					"$(inherited)",
					"@executable_path/Frameworks",
				);
				MARKETING_VERSION = 1.0;
				PRODUCT_BUNDLE_IDENTIFIER = "wenyi.----";
				PRODUCT_NAME = "$(TARGET_NAME)";
				SWIFT_EMIT_LOC_STRINGS = YES;
				TARGETED_DEVICE_FAMILY = "1,2";
			};
			name = Debug;
		};
		436BFC9C273EA0010096D2D1 /* Release */ = {
			isa = XCBuildConfiguration;
			buildSettings = {
				ASSETCATALOG_COMPILER_APPICON_NAME = AppIcon;
				ASSETCATALOG_COMPILER_GLOBAL_ACCENT_COLOR_NAME = AccentColor;
				CODE_SIGN_STYLE = Automatic;
				CURRENT_PROJECT_VERSION = 1;
				GENERATE_INFOPLIST_FILE = YES;
				INFOPLIST_FILE = "代理学习/Info.plist";
				INFOPLIST_KEY_UIApplicationSupportsIndirectInputEvents = YES;
				INFOPLIST_KEY_UILaunchStoryboardName = LaunchScreen;
				INFOPLIST_KEY_UIMainStoryboardFile = Main;
				INFOPLIST_KEY_UISupportedInterfaceOrientations_iPad = "UIInterfaceOrientationPortrait UIInterfaceOrientationPortraitUpsideDown UIInterfaceOrientationLandscapeLeft UIInterfaceOrientationLandscapeRight";
				INFOPLIST_KEY_UISupportedInterfaceOrientations_iPhone = "UIInterfaceOrientationPortrait UIInterfaceOrientationLandscapeLeft UIInterfaceOrientationLandscapeRight";
				LD_RUNPATH_SEARCH_PATHS = (
					"$(inherited)",
					"@executable_path/Frameworks",
				);
				MARKETING_VERSION = 1.0;
				PRODUCT_BUNDLE_IDENTIFIER = "wenyi.----";
				PRODUCT_NAME = "$(TARGET_NAME)";
				SWIFT_EMIT_LOC_STRINGS = YES;
				TARGETED_DEVICE_FAMILY = "1,2";
			};
			name = Release;
		};
/* End XCBuildConfiguration section */

/* Begin XCConfigurationList section */
		436BFC7C273EA0000096D2D1 /* Build configuration list for PBXProject "代理学习" */ = {
			isa = XCConfigurationList;
			buildConfigurations = (
				436BFC98273EA0010096D2D1 /* Debug */,
				436BFC99273EA0010096D2D1 /* Release */,
			);
			defaultConfigurationIsVisible = 0;
			defaultConfigurationName = Release;
		};
		436BFC9A273EA0010096D2D1 /* Build configuration list for PBXNativeTarget "代理学习" */ = {
			isa = XCConfigurationList;
			buildConfigurations = (
				436BFC9B273EA0010096D2D1 /* Debug */,
				436BFC9C273EA0010096D2D1 /* Release */,
			);
			defaultConfigurationIsVisible = 0;
			defaultConfigurationName = Release;
		};
/* End XCConfigurationList section */
	};
	rootObject = 436BFC79273EA0000096D2D1 /* Project object */;
}
