// !$*UTF8*$!
{
	archiveVersion = 1;
	classes = {
	};
	objectVersion = 55;
	objects = {

/* Begin PBXBuildFile section */
		43B19A3427203B580032FA42 /* AppDelegate.m in Sources */ = {isa = PBXBuildFile; fileRef = 43B19A3327203B580032FA42 /* AppDelegate.m */; };
		43B19A3727203B580032FA42 /* SceneDelegate.m in Sources */ = {isa = PBXBuildFile; fileRef = 43B19A3627203B580032FA42 /* SceneDelegate.m */; };
		43B19A3A27203B580032FA42 /* ViewController.m in Sources */ = {isa = PBXBuildFile; fileRef = 43B19A3927203B580032FA42 /* ViewController.m */; };
		43B19A3D27203B580032FA42 /* Main.storyboard in Resources */ = {isa = PBXBuildFile; fileRef = 43B19A3B27203B580032FA42 /* Main.storyboard */; };
		43B19A3F27203B5A0032FA42 /* Assets.xcassets in Resources */ = {isa = PBXBuildFile; fileRef = 43B19A3E27203B5A0032FA42 /* Assets.xcassets */; };
		43B19A4227203B5A0032FA42 /* LaunchScreen.storyboard in Resources */ = {isa = PBXBuildFile; fileRef = 43B19A4027203B5A0032FA42 /* LaunchScreen.storyboard */; };
		43B19A4527203B5A0032FA42 /* main.m in Sources */ = {isa = PBXBuildFile; fileRef = 43B19A4427203B5A0032FA42 /* main.m */; };
		43B19A4D27203B740032FA42 /* WYPerson.m in Sources */ = {isa = PBXBuildFile; fileRef = 43B19A4C27203B740032FA42 /* WYPerson.m */; };
		43B19A5027203B7F0032FA42 /* WYStudent.m in Sources */ = {isa = PBXBuildFile; fileRef = 43B19A4F27203B7F0032FA42 /* WYStudent.m */; };
		43B19A5327203B9A0032FA42 /* WYStudent+cate1.m in Sources */ = {isa = PBXBuildFile; fileRef = 43B19A5227203B9A0032FA42 /* WYStudent+cate1.m */; };
/* End PBXBuildFile section */

/* Begin PBXFileReference section */
		43B19A2F27203B580032FA42 /* 类的加载.app */ = {isa = PBXFileReference; explicitFileType = wrapper.application; includeInIndex = 0; path = "类的加载.app"; sourceTree = BUILT_PRODUCTS_DIR; };
		43B19A3227203B580032FA42 /* AppDelegate.h */ = {isa = PBXFileReference; lastKnownFileType = sourcecode.c.h; path = AppDelegate.h; sourceTree = "<group>"; };
		43B19A3327203B580032FA42 /* AppDelegate.m */ = {isa = PBXFileReference; lastKnownFileType = sourcecode.c.objc; path = AppDelegate.m; sourceTree = "<group>"; };
		43B19A3527203B580032FA42 /* SceneDelegate.h */ = {isa = PBXFileReference; lastKnownFileType = sourcecode.c.h; path = SceneDelegate.h; sourceTree = "<group>"; };
		43B19A3627203B580032FA42 /* SceneDelegate.m */ = {isa = PBXFileReference; lastKnownFileType = sourcecode.c.objc; path = SceneDelegate.m; sourceTree = "<group>"; };
		43B19A3827203B580032FA42 /* ViewController.h */ = {isa = PBXFileReference; lastKnownFileType = sourcecode.c.h; path = ViewController.h; sourceTree = "<group>"; };
		43B19A3927203B580032FA42 /* ViewController.m */ = {isa = PBXFileReference; lastKnownFileType = sourcecode.c.objc; path = ViewController.m; sourceTree = "<group>"; };
		43B19A3C27203B580032FA42 /* Base */ = {isa = PBXFileReference; lastKnownFileType = file.storyboard; name = Base; path = Base.lproj/Main.storyboard; sourceTree = "<group>"; };
		43B19A3E27203B5A0032FA42 /* Assets.xcassets */ = {isa = PBXFileReference; lastKnownFileType = folder.assetcatalog; path = Assets.xcassets; sourceTree = "<group>"; };
		43B19A4127203B5A0032FA42 /* Base */ = {isa = PBXFileReference; lastKnownFileType = file.storyboard; name = Base; path = Base.lproj/LaunchScreen.storyboard; sourceTree = "<group>"; };
		43B19A4327203B5A0032FA42 /* Info.plist */ = {isa = PBXFileReference; lastKnownFileType = text.plist.xml; path = Info.plist; sourceTree = "<group>"; };
		43B19A4427203B5A0032FA42 /* main.m */ = {isa = PBXFileReference; lastKnownFileType = sourcecode.c.objc; path = main.m; sourceTree = "<group>"; };
		43B19A4B27203B740032FA42 /* WYPerson.h */ = {isa = PBXFileReference; lastKnownFileType = sourcecode.c.h; path = WYPerson.h; sourceTree = "<group>"; };
		43B19A4C27203B740032FA42 /* WYPerson.m */ = {isa = PBXFileReference; lastKnownFileType = sourcecode.c.objc; path = WYPerson.m; sourceTree = "<group>"; };
		43B19A4E27203B7F0032FA42 /* WYStudent.h */ = {isa = PBXFileReference; lastKnownFileType = sourcecode.c.h; path = WYStudent.h; sourceTree = "<group>"; };
		43B19A4F27203B7F0032FA42 /* WYStudent.m */ = {isa = PBXFileReference; lastKnownFileType = sourcecode.c.objc; path = WYStudent.m; sourceTree = "<group>"; };
		43B19A5127203B9A0032FA42 /* WYStudent+cate1.h */ = {isa = PBXFileReference; lastKnownFileType = sourcecode.c.h; path = "WYStudent+cate1.h"; sourceTree = "<group>"; };
		43B19A5227203B9A0032FA42 /* WYStudent+cate1.m */ = {isa = PBXFileReference; lastKnownFileType = sourcecode.c.objc; path = "WYStudent+cate1.m"; sourceTree = "<group>"; };
/* End PBXFileReference section */

/* Begin PBXFrameworksBuildPhase section */
		43B19A2C27203B570032FA42 /* Frameworks */ = {
			isa = PBXFrameworksBuildPhase;
			buildActionMask = 2147483647;
			files = (
			);
			runOnlyForDeploymentPostprocessing = 0;
		};
/* End PBXFrameworksBuildPhase section */

/* Begin PBXGroup section */
		43B19A2627203B570032FA42 = {
			isa = PBXGroup;
			children = (
				43B19A3127203B580032FA42 /* 类的加载 */,
				43B19A3027203B580032FA42 /* Products */,
			);
			sourceTree = "<group>";
		};
		43B19A3027203B580032FA42 /* Products */ = {
			isa = PBXGroup;
			children = (
				43B19A2F27203B580032FA42 /* 类的加载.app */,
			);
			name = Products;
			sourceTree = "<group>";
		};
		43B19A3127203B580032FA42 /* 类的加载 */ = {
			isa = PBXGroup;
			children = (
				43B19A3227203B580032FA42 /* AppDelegate.h */,
				43B19A3327203B580032FA42 /* AppDelegate.m */,
				43B19A3527203B580032FA42 /* SceneDelegate.h */,
				43B19A3627203B580032FA42 /* SceneDelegate.m */,
				43B19A3827203B580032FA42 /* ViewController.h */,
				43B19A3927203B580032FA42 /* ViewController.m */,
				43B19A4B27203B740032FA42 /* WYPerson.h */,
				43B19A4C27203B740032FA42 /* WYPerson.m */,
				43B19A4E27203B7F0032FA42 /* WYStudent.h */,
				43B19A4F27203B7F0032FA42 /* WYStudent.m */,
				43B19A5127203B9A0032FA42 /* WYStudent+cate1.h */,
				43B19A5227203B9A0032FA42 /* WYStudent+cate1.m */,
				43B19A3B27203B580032FA42 /* Main.storyboard */,
				43B19A3E27203B5A0032FA42 /* Assets.xcassets */,
				43B19A4027203B5A0032FA42 /* LaunchScreen.storyboard */,
				43B19A4327203B5A0032FA42 /* Info.plist */,
				43B19A4427203B5A0032FA42 /* main.m */,
			);
			path = "类的加载";
			sourceTree = "<group>";
		};
/* End PBXGroup section */

/* Begin PBXNativeTarget section */
		43B19A2E27203B570032FA42 /* 类的加载 */ = {
			isa = PBXNativeTarget;
			buildConfigurationList = 43B19A4827203B5A0032FA42 /* Build configuration list for PBXNativeTarget "类的加载" */;
			buildPhases = (
				43B19A2B27203B570032FA42 /* Sources */,
				43B19A2C27203B570032FA42 /* Frameworks */,
				43B19A2D27203B570032FA42 /* Resources */,
			);
			buildRules = (
			);
			dependencies = (
			);
			name = "类的加载";
			productName = "类的加载";
			productReference = 43B19A2F27203B580032FA42 /* 类的加载.app */;
			productType = "com.apple.product-type.application";
		};
/* End PBXNativeTarget section */

/* Begin PBXProject section */
		43B19A2727203B570032FA42 /* Project object */ = {
			isa = PBXProject;
			attributes = {
				BuildIndependentTargetsInParallel = 1;
				LastUpgradeCheck = 1300;
				TargetAttributes = {
					43B19A2E27203B570032FA42 = {
						CreatedOnToolsVersion = 13.0;
					};
				};
			};
			buildConfigurationList = 43B19A2A27203B570032FA42 /* Build configuration list for PBXProject "类的加载" */;
			compatibilityVersion = "Xcode 13.0";
			developmentRegion = en;
			hasScannedForEncodings = 0;
			knownRegions = (
				en,
				Base,
			);
			mainGroup = 43B19A2627203B570032FA42;
			productRefGroup = 43B19A3027203B580032FA42 /* Products */;
			projectDirPath = "";
			projectRoot = "";
			targets = (
				43B19A2E27203B570032FA42 /* 类的加载 */,
			);
		};
/* End PBXProject section */

/* Begin PBXResourcesBuildPhase section */
		43B19A2D27203B570032FA42 /* Resources */ = {
			isa = PBXResourcesBuildPhase;
			buildActionMask = 2147483647;
			files = (
				43B19A4227203B5A0032FA42 /* LaunchScreen.storyboard in Resources */,
				43B19A3F27203B5A0032FA42 /* Assets.xcassets in Resources */,
				43B19A3D27203B580032FA42 /* Main.storyboard in Resources */,
			);
			runOnlyForDeploymentPostprocessing = 0;
		};
/* End PBXResourcesBuildPhase section */

/* Begin PBXSourcesBuildPhase section */
		43B19A2B27203B570032FA42 /* Sources */ = {
			isa = PBXSourcesBuildPhase;
			buildActionMask = 2147483647;
			files = (
				43B19A3A27203B580032FA42 /* ViewController.m in Sources */,
				43B19A3427203B580032FA42 /* AppDelegate.m in Sources */,
				43B19A4527203B5A0032FA42 /* main.m in Sources */,
				43B19A3727203B580032FA42 /* SceneDelegate.m in Sources */,
				43B19A5327203B9A0032FA42 /* WYStudent+cate1.m in Sources */,
				43B19A4D27203B740032FA42 /* WYPerson.m in Sources */,
				43B19A5027203B7F0032FA42 /* WYStudent.m in Sources */,
			);
			runOnlyForDeploymentPostprocessing = 0;
		};
/* End PBXSourcesBuildPhase section */

/* Begin PBXVariantGroup section */
		43B19A3B27203B580032FA42 /* Main.storyboard */ = {
			isa = PBXVariantGroup;
			children = (
				43B19A3C27203B580032FA42 /* Base */,
			);
			name = Main.storyboard;
			sourceTree = "<group>";
		};
		43B19A4027203B5A0032FA42 /* LaunchScreen.storyboard */ = {
			isa = PBXVariantGroup;
			children = (
				43B19A4127203B5A0032FA42 /* Base */,
			);
			name = LaunchScreen.storyboard;
			sourceTree = "<group>";
		};
/* End PBXVariantGroup section */

/* Begin XCBuildConfiguration section */
		43B19A4627203B5A0032FA42 /* Debug */ = {
			isa = XCBuildConfiguration;
			buildSettings = {
				ALWAYS_SEARCH_USER_PATHS = NO;
				CLANG_ANALYZER_NONNULL = YES;
				CLANG_ANALYZER_NUMBER_OBJECT_CONVERSION = YES_AGGRESSIVE;
				CLANG_CXX_LANGUAGE_STANDARD = "gnu++17";
				CLANG_CXX_LIBRARY = "libc++";
				CLANG_ENABLE_MODULES = YES;
				CLANG_ENABLE_OBJC_ARC = YES;
				CLANG_ENABLE_OBJC_WEAK = YES;
				CLANG_WARN_BLOCK_CAPTURE_AUTORELEASING = YES;
				CLANG_WARN_BOOL_CONVERSION = YES;
				CLANG_WARN_COMMA = YES;
				CLANG_WARN_CONSTANT_CONVERSION = YES;
				CLANG_WARN_DEPRECATED_OBJC_IMPLEMENTATIONS = YES;
				CLANG_WARN_DIRECT_OBJC_ISA_USAGE = YES_ERROR;
				CLANG_WARN_DOCUMENTATION_COMMENTS = YES;
				CLANG_WARN_EMPTY_BODY = YES;
				CLANG_WARN_ENUM_CONVERSION = YES;
				CLANG_WARN_INFINITE_RECURSION = YES;
				CLANG_WARN_INT_CONVERSION = YES;
				CLANG_WARN_NON_LITERAL_NULL_CONVERSION = YES;
				CLANG_WARN_OBJC_IMPLICIT_RETAIN_SELF = YES;
				CLANG_WARN_OBJC_LITERAL_CONVERSION = YES;
				CLANG_WARN_OBJC_ROOT_CLASS = YES_ERROR;
				CLANG_WARN_QUOTED_INCLUDE_IN_FRAMEWORK_HEADER = YES;
				CLANG_WARN_RANGE_LOOP_ANALYSIS = YES;
				CLANG_WARN_STRICT_PROTOTYPES = YES;
				CLANG_WARN_SUSPICIOUS_MOVE = YES;
				CLANG_WARN_UNGUARDED_AVAILABILITY = YES_AGGRESSIVE;
				CLANG_WARN_UNREACHABLE_CODE = YES;
				CLANG_WARN__DUPLICATE_METHOD_MATCH = YES;
				COPY_PHASE_STRIP = NO;
				DEBUG_INFORMATION_FORMAT = dwarf;
				ENABLE_STRICT_OBJC_MSGSEND = YES;
				ENABLE_TESTABILITY = YES;
				GCC_C_LANGUAGE_STANDARD = gnu11;
				GCC_DYNAMIC_NO_PIC = NO;
				GCC_NO_COMMON_BLOCKS = YES;
				GCC_OPTIMIZATION_LEVEL = 0;
				GCC_PREPROCESSOR_DEFINITIONS = (
					"DEBUG=1",
					"$(inherited)",
				);
				GCC_WARN_64_TO_32_BIT_CONVERSION = YES;
				GCC_WARN_ABOUT_RETURN_TYPE = YES_ERROR;
				GCC_WARN_UNDECLARED_SELECTOR = YES;
				GCC_WARN_UNINITIALIZED_AUTOS = YES_AGGRESSIVE;
				GCC_WARN_UNUSED_FUNCTION = YES;
				GCC_WARN_UNUSED_VARIABLE = YES;
				IPHONEOS_DEPLOYMENT_TARGET = 15.0;
				MTL_ENABLE_DEBUG_INFO = INCLUDE_SOURCE;
				MTL_FAST_MATH = YES;
				ONLY_ACTIVE_ARCH = YES;
				SDKROOT = iphoneos;
			};
			name = Debug;
		};
		43B19A4727203B5A0032FA42 /* Release */ = {
			isa = XCBuildConfiguration;
			buildSettings = {
				ALWAYS_SEARCH_USER_PATHS = NO;
				CLANG_ANALYZER_NONNULL = YES;
				CLANG_ANALYZER_NUMBER_OBJECT_CONVERSION = YES_AGGRESSIVE;
				CLANG_CXX_LANGUAGE_STANDARD = "gnu++17";
				CLANG_CXX_LIBRARY = "libc++";
				CLANG_ENABLE_MODULES = YES;
				CLANG_ENABLE_OBJC_ARC = YES;
				CLANG_ENABLE_OBJC_WEAK = YES;
				CLANG_WARN_BLOCK_CAPTURE_AUTORELEASING = YES;
				CLANG_WARN_BOOL_CONVERSION = YES;
				CLANG_WARN_COMMA = YES;
				CLANG_WARN_CONSTANT_CONVERSION = YES;
				CLANG_WARN_DEPRECATED_OBJC_IMPLEMENTATIONS = YES;
				CLANG_WARN_DIRECT_OBJC_ISA_USAGE = YES_ERROR;
				CLANG_WARN_DOCUMENTATION_COMMENTS = YES;
				CLANG_WARN_EMPTY_BODY = YES;
				CLANG_WARN_ENUM_CONVERSION = YES;
				CLANG_WARN_INFINITE_RECURSION = YES;
				CLANG_WARN_INT_CONVERSION = YES;
				CLANG_WARN_NON_LITERAL_NULL_CONVERSION = YES;
				CLANG_WARN_OBJC_IMPLICIT_RETAIN_SELF = YES;
				CLANG_WARN_OBJC_LITERAL_CONVERSION = YES;
				CLANG_WARN_OBJC_ROOT_CLASS = YES_ERROR;
				CLANG_WARN_QUOTED_INCLUDE_IN_FRAMEWORK_HEADER = YES;
				CLANG_WARN_RANGE_LOOP_ANALYSIS = YES;
				CLANG_WARN_STRICT_PROTOTYPES = YES;
				CLANG_WARN_SUSPICIOUS_MOVE = YES;
				CLANG_WARN_UNGUARDED_AVAILABILITY = YES_AGGRESSIVE;
				CLANG_WARN_UNREACHABLE_CODE = YES;
				CLANG_WARN__DUPLICATE_METHOD_MATCH = YES;
				COPY_PHASE_STRIP = NO;
				DEBUG_INFORMATION_FORMAT = "dwarf-with-dsym";
				ENABLE_NS_ASSERTIONS = NO;
				ENABLE_STRICT_OBJC_MSGSEND = YES;
				GCC_C_LANGUAGE_STANDARD = gnu11;
				GCC_NO_COMMON_BLOCKS = YES;
				GCC_WARN_64_TO_32_BIT_CONVERSION = YES;
				GCC_WARN_ABOUT_RETURN_TYPE = YES_ERROR;
				GCC_WARN_UNDECLARED_SELECTOR = YES;
				GCC_WARN_UNINITIALIZED_AUTOS = YES_AGGRESSIVE;
				GCC_WARN_UNUSED_FUNCTION = YES;
				GCC_WARN_UNUSED_VARIABLE = YES;
				IPHONEOS_DEPLOYMENT_TARGET = 15.0;
				MTL_ENABLE_DEBUG_INFO = NO;
				MTL_FAST_MATH = YES;
				SDKROOT = iphoneos;
				VALIDATE_PRODUCT = YES;
			};
			name = Release;
		};
		43B19A4927203B5A0032FA42 /* Debug */ = {
			isa = XCBuildConfiguration;
			buildSettings = {
				ASSETCATALOG_COMPILER_APPICON_NAME = AppIcon;
				ASSETCATALOG_COMPILER_GLOBAL_ACCENT_COLOR_NAME = AccentColor;
				CODE_SIGN_STYLE = Automatic;
				CURRENT_PROJECT_VERSION = 1;
				GENERATE_INFOPLIST_FILE = YES;
				INFOPLIST_FILE = "类的加载/Info.plist";
				INFOPLIST_KEY_UIApplicationSupportsIndirectInputEvents = YES;
				INFOPLIST_KEY_UILaunchStoryboardName = LaunchScreen;
				INFOPLIST_KEY_UIMainStoryboardFile = Main;
				INFOPLIST_KEY_UISupportedInterfaceOrientations_iPad = "UIInterfaceOrientationPortrait UIInterfaceOrientationPortraitUpsideDown UIInterfaceOrientationLandscapeLeft UIInterfaceOrientationLandscapeRight";
				INFOPLIST_KEY_UISupportedInterfaceOrientations_iPhone = "UIInterfaceOrientationPortrait UIInterfaceOrientationLandscapeLeft UIInterfaceOrientationLandscapeRight";
				LD_RUNPATH_SEARCH_PATHS = (
					"$(inherited)",
					"@executable_path/Frameworks",
				);
				MARKETING_VERSION = 1.0;
				PRODUCT_BUNDLE_IDENTIFIER = "wenyi.----";
				PRODUCT_NAME = "$(TARGET_NAME)";
				SWIFT_EMIT_LOC_STRINGS = YES;
				TARGETED_DEVICE_FAMILY = "1,2";
			};
			name = Debug;
		};
		43B19A4A27203B5A0032FA42 /* Release */ = {
			isa = XCBuildConfiguration;
			buildSettings = {
				ASSETCATALOG_COMPILER_APPICON_NAME = AppIcon;
				ASSETCATALOG_COMPILER_GLOBAL_ACCENT_COLOR_NAME = AccentColor;
				CODE_SIGN_STYLE = Automatic;
				CURRENT_PROJECT_VERSION = 1;
				GENERATE_INFOPLIST_FILE = YES;
				INFOPLIST_FILE = "类的加载/Info.plist";
				INFOPLIST_KEY_UIApplicationSupportsIndirectInputEvents = YES;
				INFOPLIST_KEY_UILaunchStoryboardName = LaunchScreen;
				INFOPLIST_KEY_UIMainStoryboardFile = Main;
				INFOPLIST_KEY_UISupportedInterfaceOrientations_iPad = "UIInterfaceOrientationPortrait UIInterfaceOrientationPortraitUpsideDown UIInterfaceOrientationLandscapeLeft UIInterfaceOrientationLandscapeRight";
				INFOPLIST_KEY_UISupportedInterfaceOrientations_iPhone = "UIInterfaceOrientationPortrait UIInterfaceOrientationLandscapeLeft UIInterfaceOrientationLandscapeRight";
				LD_RUNPATH_SEARCH_PATHS = (
					"$(inherited)",
					"@executable_path/Frameworks",
				);
				MARKETING_VERSION = 1.0;
				PRODUCT_BUNDLE_IDENTIFIER = "wenyi.----";
				PRODUCT_NAME = "$(TARGET_NAME)";
				SWIFT_EMIT_LOC_STRINGS = YES;
				TARGETED_DEVICE_FAMILY = "1,2";
			};
			name = Release;
		};
/* End XCBuildConfiguration section */

/* Begin XCConfigurationList section */
		43B19A2A27203B570032FA42 /* Build configuration list for PBXProject "类的加载" */ = {
			isa = XCConfigurationList;
			buildConfigurations = (
				43B19A4627203B5A0032FA42 /* Debug */,
				43B19A4727203B5A0032FA42 /* Release */,
			);
			defaultConfigurationIsVisible = 0;
			defaultConfigurationName = Release;
		};
		43B19A4827203B5A0032FA42 /* Build configuration list for PBXNativeTarget "类的加载" */ = {
			isa = XCConfigurationList;
			buildConfigurations = (
				43B19A4927203B5A0032FA42 /* Debug */,
				43B19A4A27203B5A0032FA42 /* Release */,
			);
			defaultConfigurationIsVisible = 0;
			defaultConfigurationName = Release;
		};
/* End XCConfigurationList section */
	};
	rootObject = 43B19A2727203B570032FA42 /* Project object */;
}
